
Microsoft Visual Studio Solution File, Format Version 12.00
# Visual Studio Version 17
VisualStudioVersion = 17.11.35222.181
MinimumVisualStudioVersion = 10.0.40219.1
Project("{9A19103F-16F7-4668-BE54-9A1E7A4F7556}") = "apiReservas", "apiReservas\apiReservas.csproj", "{8AD75AFA-2737-4886-9DB7-00569BBC33B5}"
EndProject
Global
	GlobalSection(SolutionConfigurationPlatforms) = preSolution
		Debug|Any CPU = Debug|Any CPU
		Release|Any CPU = Release|Any CPU
	EndGlobalSection
	GlobalSection(ProjectConfigurationPlatforms) = postSolution
		{8AD75AFA-2737-4886-9DB7-00569BBC33B5}.Debug|Any CPU.ActiveCfg = Debug|Any CPU
		{8AD75AFA-2737-4886-9DB7-00569BBC33B5}.Debug|Any CPU.Build.0 = Debug|Any CPU
		{8AD75AFA-2737-4886-9DB7-00569BBC33B5}.Release|Any CPU.ActiveCfg = Release|Any CPU
		{8AD75AFA-2737-4886-9DB7-00569BBC33B5}.Release|Any CPU.Build.0 = Release|Any CPU
	EndGlobalSection
	GlobalSection(SolutionProperties) = preSolution
		HideSolutionNode = FALSE
	EndGlobalSection
	GlobalSection(ExtensibilityGlobals) = postSolution
		SolutionGuid = {79C7F455-FB9A-42B7-8401-619AC5E21017}
	EndGlobalSection
EndGlobal
